
Microsoft Visual Studio Solution File, Format Version 12.00
# Visual Studio 15
VisualStudioVersion = 15.0.26124.0
MinimumVisualStudioVersion = 15.0.26124.0
Project("{FAE04EC0-301F-11D3-BF4B-00C04F79EFBC}") = "ProAgil.WebAPI", "ProAgil.WebAPI\ProAgil.WebAPI.csproj", "{487EE65F-3AD3-4C8C-911F-729607655F6C}"
EndProject
Project("{FAE04EC0-301F-11D3-BF4B-00C04F79EFBC}") = "ProAgil.Repository", "ProAgil.Repository\ProAgil.Repository.csproj", "{5CCFB54C-27CF-4565-8102-F8C50CF989DD}"
EndProject
Project("{FAE04EC0-301F-11D3-BF4B-00C04F79EFBC}") = "ProAgil.Domain", "ProAgil.Domain\ProAgil.Domain.csproj", "{4EEC9EFD-5BB2-4B6A-BCA5-B52616D74D55}"
EndProject
Global
	GlobalSection(SolutionConfigurationPlatforms) = preSolution
		Debug|Any CPU = Debug|Any CPU
		Debug|x64 = Debug|x64
		Debug|x86 = Debug|x86
		Release|Any CPU = Release|Any CPU
		Release|x64 = Release|x64
		Release|x86 = Release|x86
	EndGlobalSection
	GlobalSection(SolutionProperties) = preSolution
		HideSolutionNode = FALSE
	EndGlobalSection
	GlobalSection(ProjectConfigurationPlatforms) = postSolution
		{487EE65F-3AD3-4C8C-911F-729607655F6C}.Debug|Any CPU.ActiveCfg = Debug|Any CPU
		{487EE65F-3AD3-4C8C-911F-729607655F6C}.Debug|Any CPU.Build.0 = Debug|Any CPU
		{487EE65F-3AD3-4C8C-911F-729607655F6C}.Debug|x64.ActiveCfg = Debug|Any CPU
		{487EE65F-3AD3-4C8C-911F-729607655F6C}.Debug|x64.Build.0 = Debug|Any CPU
		{487EE65F-3AD3-4C8C-911F-729607655F6C}.Debug|x86.ActiveCfg = Debug|Any CPU
		{487EE65F-3AD3-4C8C-911F-729607655F6C}.Debug|x86.Build.0 = Debug|Any CPU
		{487EE65F-3AD3-4C8C-911F-729607655F6C}.Release|Any CPU.ActiveCfg = Release|Any CPU
		{487EE65F-3AD3-4C8C-911F-729607655F6C}.Release|Any CPU.Build.0 = Release|Any CPU
		{487EE65F-3AD3-4C8C-911F-729607655F6C}.Release|x64.ActiveCfg = Release|Any CPU
		{487EE65F-3AD3-4C8C-911F-729607655F6C}.Release|x64.Build.0 = Release|Any CPU
		{487EE65F-3AD3-4C8C-911F-729607655F6C}.Release|x86.ActiveCfg = Release|Any CPU
		{487EE65F-3AD3-4C8C-911F-729607655F6C}.Release|x86.Build.0 = Release|Any CPU
		{5CCFB54C-27CF-4565-8102-F8C50CF989DD}.Debug|Any CPU.ActiveCfg = Debug|Any CPU
		{5CCFB54C-27CF-4565-8102-F8C50CF989DD}.Debug|Any CPU.Build.0 = Debug|Any CPU
		{5CCFB54C-27CF-4565-8102-F8C50CF989DD}.Debug|x64.ActiveCfg = Debug|Any CPU
		{5CCFB54C-27CF-4565-8102-F8C50CF989DD}.Debug|x64.Build.0 = Debug|Any CPU
		{5CCFB54C-27CF-4565-8102-F8C50CF989DD}.Debug|x86.ActiveCfg = Debug|Any CPU
		{5CCFB54C-27CF-4565-8102-F8C50CF989DD}.Debug|x86.Build.0 = Debug|Any CPU
		{5CCFB54C-27CF-4565-8102-F8C50CF989DD}.Release|Any CPU.ActiveCfg = Release|Any CPU
		{5CCFB54C-27CF-4565-8102-F8C50CF989DD}.Release|Any CPU.Build.0 = Release|Any CPU
		{5CCFB54C-27CF-4565-8102-F8C50CF989DD}.Release|x64.ActiveCfg = Release|Any CPU
		{5CCFB54C-27CF-4565-8102-F8C50CF989DD}.Release|x64.Build.0 = Release|Any CPU
		{5CCFB54C-27CF-4565-8102-F8C50CF989DD}.Release|x86.ActiveCfg = Release|Any CPU
		{5CCFB54C-27CF-4565-8102-F8C50CF989DD}.Release|x86.Build.0 = Release|Any CPU
		{4EEC9EFD-5BB2-4B6A-BCA5-B52616D74D55}.Debug|Any CPU.ActiveCfg = Debug|Any CPU
		{4EEC9EFD-5BB2-4B6A-BCA5-B52616D74D55}.Debug|Any CPU.Build.0 = Debug|Any CPU
		{4EEC9EFD-5BB2-4B6A-BCA5-B52616D74D55}.Debug|x64.ActiveCfg = Debug|Any CPU
		{4EEC9EFD-5BB2-4B6A-BCA5-B52616D74D55}.Debug|x64.Build.0 = Debug|Any CPU
		{4EEC9EFD-5BB2-4B6A-BCA5-B52616D74D55}.Debug|x86.ActiveCfg = Debug|Any CPU
		{4EEC9EFD-5BB2-4B6A-BCA5-B52616D74D55}.Debug|x86.Build.0 = Debug|Any CPU
		{4EEC9EFD-5BB2-4B6A-BCA5-B52616D74D55}.Release|Any CPU.ActiveCfg = Release|Any CPU
		{4EEC9EFD-5BB2-4B6A-BCA5-B52616D74D55}.Release|Any CPU.Build.0 = Release|Any CPU
		{4EEC9EFD-5BB2-4B6A-BCA5-B52616D74D55}.Release|x64.ActiveCfg = Release|Any CPU
		{4EEC9EFD-5BB2-4B6A-BCA5-B52616D74D55}.Release|x64.Build.0 = Release|Any CPU
		{4EEC9EFD-5BB2-4B6A-BCA5-B52616D74D55}.Release|x86.ActiveCfg = Release|Any CPU
		{4EEC9EFD-5BB2-4B6A-BCA5-B52616D74D55}.Release|x86.Build.0 = Release|Any CPU
	EndGlobalSection
EndGlobal
